
Microsoft Visual Studio Solution File, Format Version 12.00
# Visual Studio Version 17
VisualStudioVersion = 17.8.34408.163
MinimumVisualStudioVersion = 10.0.40219.1
Project("{FAE04EC0-301F-11D3-BF4B-00C04F79EFBC}") = "homework2", "homework2\homework2.csproj", "{FCBF4972-57B2-430A-BB24-6620193C4550}"
EndProject
Global
	GlobalSection(SolutionConfigurationPlatforms) = preSolution
		Debug|Any CPU = Debug|Any CPU
		Release|Any CPU = Release|Any CPU
	EndGlobalSection
	GlobalSection(ProjectConfigurationPlatforms) = postSolution
		{FCBF4972-57B2-430A-BB24-6620193C4550}.Debug|Any CPU.ActiveCfg = Debug|Any CPU
		{FCBF4972-57B2-430A-BB24-6620193C4550}.Debug|Any CPU.Build.0 = Debug|Any CPU
		{FCBF4972-57B2-430A-BB24-6620193C4550}.Release|Any CPU.ActiveCfg = Release|Any CPU
		{FCBF4972-57B2-430A-BB24-6620193C4550}.Release|Any CPU.Build.0 = Release|Any CPU
	EndGlobalSection
	GlobalSection(SolutionProperties) = preSolution
		HideSolutionNode = FALSE
	EndGlobalSection
	GlobalSection(ExtensibilityGlobals) = postSolution
		SolutionGuid = {F73AF380-F023-402B-94C2-8992197A7949}
	EndGlobalSection
EndGlobal
